// !$*UTF8*$!
{
	archiveVersion = 1;
	classes = {
	};
	objectVersion = 50;
	objects = {

/* Begin PBXBuildFile section */
		7C2FB2D923B4384200D3857B /* AppDelegate.swift in Sources */ = {isa = PBXBuildFile; fileRef = 7C2FB2D823B4384200D3857B /* AppDelegate.swift */; };
		7C2FB2DD23B4384200D3857B /* ViewController.swift in Sources */ = {isa = PBXBuildFile; fileRef = 7C2FB2DC23B4384200D3857B /* ViewController.swift */; };
		7C2FB2E023B4384200D3857B /* Main.storyboard in Resources */ = {isa = PBXBuildFile; fileRef = 7C2FB2DE23B4384200D3857B /* Main.storyboard */; };
		7C2FB2E223B4384300D3857B /* Assets.xcassets in Resources */ = {isa = PBXBuildFile; fileRef = 7C2FB2E123B4384300D3857B /* Assets.xcassets */; };
		7C2FB2E523B4384300D3857B /* LaunchScreen.storyboard in Resources */ = {isa = PBXBuildFile; fileRef = 7C2FB2E323B4384300D3857B /* LaunchScreen.storyboard */; };
		7C2FB2EE23B4389700D3857B /* QuickBar.framework in Frameworks */ = {isa = PBXBuildFile; fileRef = 7C2FB2EC23B4386600D3857B /* QuickBar.framework */; };
		7C2FB2EF23B4389700D3857B /* QuickBar.framework in Embed Frameworks */ = {isa = PBXBuildFile; fileRef = 7C2FB2EC23B4386600D3857B /* QuickBar.framework */; settings = {ATTRIBUTES = (CodeSignOnCopy, RemoveHeadersOnCopy, ); }; };
/* End PBXBuildFile section */

/* Begin PBXCopyFilesBuildPhase section */
		7C2FB2F023B4389700D3857B /* Embed Frameworks */ = {
			isa = PBXCopyFilesBuildPhase;
			buildActionMask = 2147483647;
			dstPath = "";
			dstSubfolderSpec = 10;
			files = (
				7C2FB2EF23B4389700D3857B /* QuickBar.framework in Embed Frameworks */,
			);
			name = "Embed Frameworks";
			runOnlyForDeploymentPostprocessing = 0;
		};
/* End PBXCopyFilesBuildPhase section */

/* Begin PBXFileReference section */
		7C2FB2D523B4384200D3857B /* QuickBarDemo.app */ = {isa = PBXFileReference; explicitFileType = wrapper.application; includeInIndex = 0; path = QuickBarDemo.app; sourceTree = BUILT_PRODUCTS_DIR; };
		7C2FB2D823B4384200D3857B /* AppDelegate.swift */ = {isa = PBXFileReference; lastKnownFileType = sourcecode.swift; path = AppDelegate.swift; sourceTree = "<group>"; };
		7C2FB2DC23B4384200D3857B /* ViewController.swift */ = {isa = PBXFileReference; lastKnownFileType = sourcecode.swift; path = ViewController.swift; sourceTree = "<group>"; };
		7C2FB2DF23B4384200D3857B /* Base */ = {isa = PBXFileReference; lastKnownFileType = file.storyboard; name = Base; path = Base.lproj/Main.storyboard; sourceTree = "<group>"; };
		7C2FB2E123B4384300D3857B /* Assets.xcassets */ = {isa = PBXFileReference; lastKnownFileType = folder.assetcatalog; path = Assets.xcassets; sourceTree = "<group>"; };
		7C2FB2E423B4384300D3857B /* Base */ = {isa = PBXFileReference; lastKnownFileType = file.storyboard; name = Base; path = Base.lproj/LaunchScreen.storyboard; sourceTree = "<group>"; };
		7C2FB2E623B4384300D3857B /* Info.plist */ = {isa = PBXFileReference; lastKnownFileType = text.plist.xml; path = Info.plist; sourceTree = "<group>"; };
		7C2FB2EC23B4386600D3857B /* QuickBar.framework */ = {isa = PBXFileReference; lastKnownFileType = wrapper.framework; path = QuickBar.framework; sourceTree = "<group>"; };
/* End PBXFileReference section */

/* Begin PBXFrameworksBuildPhase section */
		7C2FB2D223B4384200D3857B /* Frameworks */ = {
			isa = PBXFrameworksBuildPhase;
			buildActionMask = 2147483647;
			files = (
				7C2FB2EE23B4389700D3857B /* QuickBar.framework in Frameworks */,
			);
			runOnlyForDeploymentPostprocessing = 0;
		};
/* End PBXFrameworksBuildPhase section */

/* Begin PBXGroup section */
		7C2FB2CC23B4384200D3857B = {
			isa = PBXGroup;
			children = (
				7C2FB2D723B4384200D3857B /* QuickBarDemo */,
				7C2FB2D623B4384200D3857B /* Products */,
			);
			sourceTree = "<group>";
		};
		7C2FB2D623B4384200D3857B /* Products */ = {
			isa = PBXGroup;
			children = (
				7C2FB2D523B4384200D3857B /* QuickBarDemo.app */,
			);
			name = Products;
			sourceTree = "<group>";
		};
		7C2FB2D723B4384200D3857B /* QuickBarDemo */ = {
			isa = PBXGroup;
			children = (
				7C2FB2EC23B4386600D3857B /* QuickBar.framework */,
				7C2FB2D823B4384200D3857B /* AppDelegate.swift */,
				7C2FB2DC23B4384200D3857B /* ViewController.swift */,
				7C2FB2DE23B4384200D3857B /* Main.storyboard */,
				7C2FB2E123B4384300D3857B /* Assets.xcassets */,
				7C2FB2E323B4384300D3857B /* LaunchScreen.storyboard */,
				7C2FB2E623B4384300D3857B /* Info.plist */,
			);
			path = QuickBarDemo;
			sourceTree = "<group>";
		};
/* End PBXGroup section */

/* Begin PBXNativeTarget section */
		7C2FB2D423B4384200D3857B /* QuickBarDemo */ = {
			isa = PBXNativeTarget;
			buildConfigurationList = 7C2FB2E923B4384300D3857B /* Build configuration list for PBXNativeTarget "QuickBarDemo" */;
			buildPhases = (
				7C2FB2D123B4384200D3857B /* Sources */,
				7C2FB2D223B4384200D3857B /* Frameworks */,
				7C2FB2D323B4384200D3857B /* Resources */,
				7C2FB2F023B4389700D3857B /* Embed Frameworks */,
			);
			buildRules = (
			);
			dependencies = (
			);
			name = QuickBarDemo;
			productName = QuickBarDemo;
			productReference = 7C2FB2D523B4384200D3857B /* QuickBarDemo.app */;
			productType = "com.apple.product-type.application";
		};
/* End PBXNativeTarget section */

/* Begin PBXProject section */
		7C2FB2CD23B4384200D3857B /* Project object */ = {
			isa = PBXProject;
			attributes = {
				LastSwiftUpdateCheck = 1120;
				LastUpgradeCheck = 1120;
				ORGANIZATIONNAME = Personal;
				TargetAttributes = {
					7C2FB2D423B4384200D3857B = {
						CreatedOnToolsVersion = 11.2.1;
					};
				};
			};
			buildConfigurationList = 7C2FB2D023B4384200D3857B /* Build configuration list for PBXProject "QuickBarDemo" */;
			compatibilityVersion = "Xcode 9.3";
			developmentRegion = en;
			hasScannedForEncodings = 0;
			knownRegions = (
				en,
				Base,
			);
			mainGroup = 7C2FB2CC23B4384200D3857B;
			productRefGroup = 7C2FB2D623B4384200D3857B /* Products */;
			projectDirPath = "";
			projectRoot = "";
			targets = (
				7C2FB2D423B4384200D3857B /* QuickBarDemo */,
			);
		};
/* End PBXProject section */

/* Begin PBXResourcesBuildPhase section */
		7C2FB2D323B4384200D3857B /* Resources */ = {
			isa = PBXResourcesBuildPhase;
			buildActionMask = 2147483647;
			files = (
				7C2FB2E523B4384300D3857B /* LaunchScreen.storyboard in Resources */,
				7C2FB2E223B4384300D3857B /* Assets.xcassets in Resources */,
				7C2FB2E023B4384200D3857B /* Main.storyboard in Resources */,
			);
			runOnlyForDeploymentPostprocessing = 0;
		};
/* End PBXResourcesBuildPhase section */

/* Begin PBXSourcesBuildPhase section */
		7C2FB2D123B4384200D3857B /* Sources */ = {
			isa = PBXSourcesBuildPhase;
			buildActionMask = 2147483647;
			files = (
				7C2FB2DD23B4384200D3857B /* ViewController.swift in Sources */,
				7C2FB2D923B4384200D3857B /* AppDelegate.swift in Sources */,
			);
			runOnlyForDeploymentPostprocessing = 0;
		};
/* End PBXSourcesBuildPhase section */

/* Begin PBXVariantGroup section */
		7C2FB2DE23B4384200D3857B /* Main.storyboard */ = {
			isa = PBXVariantGroup;
			children = (
				7C2FB2DF23B4384200D3857B /* Base */,
			);
			name = Main.storyboard;
			sourceTree = "<group>";
		};
		7C2FB2E323B4384300D3857B /* LaunchScreen.storyboard */ = {
			isa = PBXVariantGroup;
			children = (
				7C2FB2E423B4384300D3857B /* Base */,
			);
			name = LaunchScreen.storyboard;
			sourceTree = "<group>";
		};
/* End PBXVariantGroup section */

/* Begin XCBuildConfiguration section */
		7C2FB2E723B4384300D3857B /* Debug */ = {
			isa = XCBuildConfiguration;
			buildSettings = {
				ALWAYS_SEARCH_USER_PATHS = NO;
				CLANG_ANALYZER_NONNULL = YES;
				CLANG_ANALYZER_NUMBER_OBJECT_CONVERSION = YES_AGGRESSIVE;
				CLANG_CXX_LANGUAGE_STANDARD = "gnu++14";
				CLANG_CXX_LIBRARY = "libc++";
				CLANG_ENABLE_MODULES = YES;
				CLANG_ENABLE_OBJC_ARC = YES;
				CLANG_ENABLE_OBJC_WEAK = YES;
				CLANG_WARN_BLOCK_CAPTURE_AUTORELEASING = YES;
				CLANG_WARN_BOOL_CONVERSION = YES;
				CLANG_WARN_COMMA = YES;
				CLANG_WARN_CONSTANT_CONVERSION = YES;
				CLANG_WARN_DEPRECATED_OBJC_IMPLEMENTATIONS = YES;
				CLANG_WARN_DIRECT_OBJC_ISA_USAGE = YES_ERROR;
				CLANG_WARN_DOCUMENTATION_COMMENTS = YES;
				CLANG_WARN_EMPTY_BODY = YES;
				CLANG_WARN_ENUM_CONVERSION = YES;
				CLANG_WARN_INFINITE_RECURSION = YES;
				CLANG_WARN_INT_CONVERSION = YES;
				CLANG_WARN_NON_LITERAL_NULL_CONVERSION = YES;
				CLANG_WARN_OBJC_IMPLICIT_RETAIN_SELF = YES;
				CLANG_WARN_OBJC_LITERAL_CONVERSION = YES;
				CLANG_WARN_OBJC_ROOT_CLASS = YES_ERROR;
				CLANG_WARN_RANGE_LOOP_ANALYSIS = YES;
				CLANG_WARN_STRICT_PROTOTYPES = YES;
				CLANG_WARN_SUSPICIOUS_MOVE = YES;
				CLANG_WARN_UNGUARDED_AVAILABILITY = YES_AGGRESSIVE;
				CLANG_WARN_UNREACHABLE_CODE = YES;
				CLANG_WARN__DUPLICATE_METHOD_MATCH = YES;
				COPY_PHASE_STRIP = NO;
				DEBUG_INFORMATION_FORMAT = dwarf;
				ENABLE_STRICT_OBJC_MSGSEND = YES;
				ENABLE_TESTABILITY = YES;
				GCC_C_LANGUAGE_STANDARD = gnu11;
				GCC_DYNAMIC_NO_PIC = NO;
				GCC_NO_COMMON_BLOCKS = YES;
				GCC_OPTIMIZATION_LEVEL = 0;
				GCC_PREPROCESSOR_DEFINITIONS = (
					"DEBUG=1",
					"$(inherited)",
				);
				GCC_WARN_64_TO_32_BIT_CONVERSION = YES;
				GCC_WARN_ABOUT_RETURN_TYPE = YES_ERROR;
				GCC_WARN_UNDECLARED_SELECTOR = YES;
				GCC_WARN_UNINITIALIZED_AUTOS = YES_AGGRESSIVE;
				GCC_WARN_UNUSED_FUNCTION = YES;
				GCC_WARN_UNUSED_VARIABLE = YES;
				IPHONEOS_DEPLOYMENT_TARGET = 13.2;
				MTL_ENABLE_DEBUG_INFO = INCLUDE_SOURCE;
				MTL_FAST_MATH = YES;
				ONLY_ACTIVE_ARCH = YES;
				SDKROOT = iphoneos;
				SWIFT_ACTIVE_COMPILATION_CONDITIONS = DEBUG;
				SWIFT_OPTIMIZATION_LEVEL = "-Onone";
			};
			name = Debug;
		};
		7C2FB2E823B4384300D3857B /* Release */ = {
			isa = XCBuildConfiguration;
			buildSettings = {
				ALWAYS_SEARCH_USER_PATHS = NO;
				CLANG_ANALYZER_NONNULL = YES;
				CLANG_ANALYZER_NUMBER_OBJECT_CONVERSION = YES_AGGRESSIVE;
				CLANG_CXX_LANGUAGE_STANDARD = "gnu++14";
				CLANG_CXX_LIBRARY = "libc++";
				CLANG_ENABLE_MODULES = YES;
				CLANG_ENABLE_OBJC_ARC = YES;
				CLANG_ENABLE_OBJC_WEAK = YES;
				CLANG_WARN_BLOCK_CAPTURE_AUTORELEASING = YES;
				CLANG_WARN_BOOL_CONVERSION = YES;
				CLANG_WARN_COMMA = YES;
				CLANG_WARN_CONSTANT_CONVERSION = YES;
				CLANG_WARN_DEPRECATED_OBJC_IMPLEMENTATIONS = YES;
				CLANG_WARN_DIRECT_OBJC_ISA_USAGE = YES_ERROR;
				CLANG_WARN_DOCUMENTATION_COMMENTS = YES;
				CLANG_WARN_EMPTY_BODY = YES;
				CLANG_WARN_ENUM_CONVERSION = YES;
				CLANG_WARN_INFINITE_RECURSION = YES;
				CLANG_WARN_INT_CONVERSION = YES;
				CLANG_WARN_NON_LITERAL_NULL_CONVERSION = YES;
				CLANG_WARN_OBJC_IMPLICIT_RETAIN_SELF = YES;
				CLANG_WARN_OBJC_LITERAL_CONVERSION = YES;
				CLANG_WARN_OBJC_ROOT_CLASS = YES_ERROR;
				CLANG_WARN_RANGE_LOOP_ANALYSIS = YES;
				CLANG_WARN_STRICT_PROTOTYPES = YES;
				CLANG_WARN_SUSPICIOUS_MOVE = YES;
				CLANG_WARN_UNGUARDED_AVAILABILITY = YES_AGGRESSIVE;
				CLANG_WARN_UNREACHABLE_CODE = YES;
				CLANG_WARN__DUPLICATE_METHOD_MATCH = YES;
				COPY_PHASE_STRIP = NO;
				DEBUG_INFORMATION_FORMAT = "dwarf-with-dsym";
				ENABLE_NS_ASSERTIONS = NO;
				ENABLE_STRICT_OBJC_MSGSEND = YES;
				GCC_C_LANGUAGE_STANDARD = gnu11;
				GCC_NO_COMMON_BLOCKS = YES;
				GCC_WARN_64_TO_32_BIT_CONVERSION = YES;
				GCC_WARN_ABOUT_RETURN_TYPE = YES_ERROR;
				GCC_WARN_UNDECLARED_SELECTOR = YES;
				GCC_WARN_UNINITIALIZED_AUTOS = YES_AGGRESSIVE;
				GCC_WARN_UNUSED_FUNCTION = YES;
				GCC_WARN_UNUSED_VARIABLE = YES;
				IPHONEOS_DEPLOYMENT_TARGET = 13.2;
				MTL_ENABLE_DEBUG_INFO = NO;
				MTL_FAST_MATH = YES;
				SDKROOT = iphoneos;
				SWIFT_COMPILATION_MODE = wholemodule;
				SWIFT_OPTIMIZATION_LEVEL = "-O";
				VALIDATE_PRODUCT = YES;
			};
			name = Release;
		};
		7C2FB2EA23B4384300D3857B /* Debug */ = {
			isa = XCBuildConfiguration;
			buildSettings = {
				ASSETCATALOG_COMPILER_APPICON_NAME = AppIcon;
				CODE_SIGN_STYLE = Automatic;
				DEVELOPMENT_TEAM = Q67LMGDN4S;
				FRAMEWORK_SEARCH_PATHS = (
					"$(inherited)",
					"$(PROJECT_DIR)/QuickBarDemo",
				);
				INFOPLIST_FILE = QuickBarDemo/Info.plist;
				IPHONEOS_DEPLOYMENT_TARGET = 12.0;
				LD_RUNPATH_SEARCH_PATHS = (
					"$(inherited)",
					"@executable_path/Frameworks",
				);
				PRODUCT_BUNDLE_IDENTIFIER = com.personal.QuickBarDemo;
				PRODUCT_NAME = "$(TARGET_NAME)";
				SWIFT_VERSION = 5.0;
				TARGETED_DEVICE_FAMILY = "1,2";
			};
			name = Debug;
		};
		7C2FB2EB23B4384300D3857B /* Release */ = {
			isa = XCBuildConfiguration;
			buildSettings = {
				ASSETCATALOG_COMPILER_APPICON_NAME = AppIcon;
				CODE_SIGN_STYLE = Automatic;
				DEVELOPMENT_TEAM = Q67LMGDN4S;
				FRAMEWORK_SEARCH_PATHS = (
					"$(inherited)",
					"$(PROJECT_DIR)/QuickBarDemo",
				);
				INFOPLIST_FILE = QuickBarDemo/Info.plist;
				IPHONEOS_DEPLOYMENT_TARGET = 12.0;
				LD_RUNPATH_SEARCH_PATHS = (
					"$(inherited)",
					"@executable_path/Frameworks",
				);
				PRODUCT_BUNDLE_IDENTIFIER = com.personal.QuickBarDemo;
				PRODUCT_NAME = "$(TARGET_NAME)";
				SWIFT_VERSION = 5.0;
				TARGETED_DEVICE_FAMILY = "1,2";
			};
			name = Release;
		};
/* End XCBuildConfiguration section */

/* Begin XCConfigurationList section */
		7C2FB2D023B4384200D3857B /* Build configuration list for PBXProject "QuickBarDemo" */ = {
			isa = XCConfigurationList;
			buildConfigurations = (
				7C2FB2E723B4384300D3857B /* Debug */,
				7C2FB2E823B4384300D3857B /* Release */,
			);
			defaultConfigurationIsVisible = 0;
			defaultConfigurationName = Release;
		};
		7C2FB2E923B4384300D3857B /* Build configuration list for PBXNativeTarget "QuickBarDemo" */ = {
			isa = XCConfigurationList;
			buildConfigurations = (
				7C2FB2EA23B4384300D3857B /* Debug */,
				7C2FB2EB23B4384300D3857B /* Release */,
			);
			defaultConfigurationIsVisible = 0;
			defaultConfigurationName = Release;
		};
/* End XCConfigurationList section */
	};
	rootObject = 7C2FB2CD23B4384200D3857B /* Project object */;
}
